
Microsoft Visual Studio Solution File, Format Version 12.00
# Visual Studio Version 16
VisualStudioVersion = 16.0.30225.117
MinimumVisualStudioVersion = 10.0.40219.1
Project("{FAE04EC0-301F-11D3-BF4B-00C04F79EFBC}") = "CLILauncherGenerator", "CLILauncherGenerator\CLILauncherGenerator.csproj", "{06CBD7D4-8BAE-4AF9-AB4E-162770E8B5AE}"
EndProject
Global
	GlobalSection(SolutionConfigurationPlatforms) = preSolution
		Debug|Any CPU = Debug|Any CPU
		Release|Any CPU = Release|Any CPU
	EndGlobalSection
	GlobalSection(ProjectConfigurationPlatforms) = postSolution
		{06CBD7D4-8BAE-4AF9-AB4E-162770E8B5AE}.Debug|Any CPU.ActiveCfg = Debug|Any CPU
		{06CBD7D4-8BAE-4AF9-AB4E-162770E8B5AE}.Debug|Any CPU.Build.0 = Debug|Any CPU
		{06CBD7D4-8BAE-4AF9-AB4E-162770E8B5AE}.Release|Any CPU.ActiveCfg = Release|Any CPU
		{06CBD7D4-8BAE-4AF9-AB4E-162770E8B5AE}.Release|Any CPU.Build.0 = Release|Any CPU
	EndGlobalSection
	GlobalSection(SolutionProperties) = preSolution
		HideSolutionNode = FALSE
	EndGlobalSection
	GlobalSection(ExtensibilityGlobals) = postSolution
		SolutionGuid = {F26B6C23-C5C3-4419-B955-354438D1F8A9}
	EndGlobalSection
EndGlobal
